
Microsoft Visual Studio Solution File, Format Version 12.00
# Visual Studio Version 17
VisualStudioVersion = 17.9.34622.214
MinimumVisualStudioVersion = 10.0.40219.1
Project("{FAE04EC0-301F-11D3-BF4B-00C04F79EFBC}") = "Taxation.API", "Taxation.API\Taxation.API.csproj", "{7CC2947E-E587-48D5-AB23-00E73047CD61}"
EndProject
Project("{FAE04EC0-301F-11D3-BF4B-00C04F79EFBC}") = "Taxation.Domain", "Taxation.Domain\Taxation.Domain.csproj", "{2BA92F3C-A18C-4D8D-8D63-60FB5E1CEBD2}"
EndProject
Project("{FAE04EC0-301F-11D3-BF4B-00C04F79EFBC}") = "Taxation.Services", "Taxation.Services\Taxation.Services.csproj", "{C37A07D5-1E04-4876-93D0-2088607B99DA}"
EndProject
Project("{FAE04EC0-301F-11D3-BF4B-00C04F79EFBC}") = "Taxation.Common", "Taxation.Common\Taxation.Common.csproj", "{70FC2712-395C-4911-B4B4-9172F04ED937}"
EndProject
Global
	GlobalSection(SolutionConfigurationPlatforms) = preSolution
		Debug|Any CPU = Debug|Any CPU
		Release|Any CPU = Release|Any CPU
	EndGlobalSection
	GlobalSection(ProjectConfigurationPlatforms) = postSolution
		{7CC2947E-E587-48D5-AB23-00E73047CD61}.Debug|Any CPU.ActiveCfg = Debug|Any CPU
		{7CC2947E-E587-48D5-AB23-00E73047CD61}.Debug|Any CPU.Build.0 = Debug|Any CPU
		{7CC2947E-E587-48D5-AB23-00E73047CD61}.Release|Any CPU.ActiveCfg = Release|Any CPU
		{7CC2947E-E587-48D5-AB23-00E73047CD61}.Release|Any CPU.Build.0 = Release|Any CPU
		{2BA92F3C-A18C-4D8D-8D63-60FB5E1CEBD2}.Debug|Any CPU.ActiveCfg = Debug|Any CPU
		{2BA92F3C-A18C-4D8D-8D63-60FB5E1CEBD2}.Debug|Any CPU.Build.0 = Debug|Any CPU
		{2BA92F3C-A18C-4D8D-8D63-60FB5E1CEBD2}.Release|Any CPU.ActiveCfg = Release|Any CPU
		{2BA92F3C-A18C-4D8D-8D63-60FB5E1CEBD2}.Release|Any CPU.Build.0 = Release|Any CPU
		{C37A07D5-1E04-4876-93D0-2088607B99DA}.Debug|Any CPU.ActiveCfg = Debug|Any CPU
		{C37A07D5-1E04-4876-93D0-2088607B99DA}.Debug|Any CPU.Build.0 = Debug|Any CPU
		{C37A07D5-1E04-4876-93D0-2088607B99DA}.Release|Any CPU.ActiveCfg = Release|Any CPU
		{C37A07D5-1E04-4876-93D0-2088607B99DA}.Release|Any CPU.Build.0 = Release|Any CPU
		{70FC2712-395C-4911-B4B4-9172F04ED937}.Debug|Any CPU.ActiveCfg = Debug|Any CPU
		{70FC2712-395C-4911-B4B4-9172F04ED937}.Debug|Any CPU.Build.0 = Debug|Any CPU
		{70FC2712-395C-4911-B4B4-9172F04ED937}.Release|Any CPU.ActiveCfg = Release|Any CPU
		{70FC2712-395C-4911-B4B4-9172F04ED937}.Release|Any CPU.Build.0 = Release|Any CPU
	EndGlobalSection
	GlobalSection(SolutionProperties) = preSolution
		HideSolutionNode = FALSE
	EndGlobalSection
	GlobalSection(ExtensibilityGlobals) = postSolution
		SolutionGuid = {2769F4CB-FB3A-453C-BA21-249EE4C63994}
	EndGlobalSection
EndGlobal
